Microsoft Visual Studio Solution File, Format Version 12.00
# Visual Studio Version 17
VisualStudioVersion = 17.5.2.0
MinimumVisualStudioVersion = 10.0.40219.1
Project("{FAE04EC0-301F-11D3-BF4B-00C04F79EFBC}") = "ReportSchedule", "ReportSchedule\ReportSchedule.csproj", "{6F238B9E-6799-E000-1C06-F396E379E6F9}"
EndProject
Project("{FAE04EC0-301F-11D3-BF4B-00C04F79EFBC}") = "ReportSchedule.Tests", "ReportSchedule.Tests\ReportSchedule.Tests.csproj", "{3E964D54-E249-4AA6-8858-6B167B7A0FF5}"
EndProject
Global
	GlobalSection(SolutionConfigurationPlatforms) = preSolution
		Debug|Any CPU = Debug|Any CPU
		Release|Any CPU = Release|Any CPU
	EndGlobalSection
	GlobalSection(ProjectConfigurationPlatforms) = postSolution
		{6F238B9E-6799-E000-1C06-F396E379E6F9}.Debug|Any CPU.ActiveCfg = Debug|Any CPU
		{6F238B9E-6799-E000-1C06-F396E379E6F9}.Debug|Any CPU.Build.0 = Debug|Any CPU
		{6F238B9E-6799-E000-1C06-F396E379E6F9}.Release|Any CPU.ActiveCfg = Release|Any CPU
		{6F238B9E-6799-E000-1C06-F396E379E6F9}.Release|Any CPU.Build.0 = Release|Any CPU
		{3E964D54-E249-4AA6-8858-6B167B7A0FF5}.Debug|Any CPU.ActiveCfg = Debug|Any CPU
		{3E964D54-E249-4AA6-8858-6B167B7A0FF5}.Debug|Any CPU.Build.0 = Debug|Any CPU
		{3E964D54-E249-4AA6-8858-6B167B7A0FF5}.Release|Any CPU.ActiveCfg = Release|Any CPU
		{3E964D54-E249-4AA6-8858-6B167B7A0FF5}.Release|Any CPU.Build.0 = Release|Any CPU
	EndGlobalSection
	GlobalSection(SolutionProperties) = preSolution
		HideSolutionNode = FALSE
	EndGlobalSection
	GlobalSection(ExtensibilityGlobals) = postSolution
		SolutionGuid = {513F83A9-031E-48D0-B7F6-E8ED26A4CA3B}
	EndGlobalSection
EndGlobal
